
Microsoft Visual Studio Solution File, Format Version 12.00
# Visual Studio Version 16
VisualStudioVersion = 16.0.30002.166
MinimumVisualStudioVersion = 10.0.40219.1
Project("{FAE04EC0-301F-11D3-BF4B-00C04F79EFBC}") = "GeoLib.Core", "GeoLib.Core\GeoLib.Core.csproj", "{A6E2CA6F-BD92-41A2-A6E6-EBA9749E4299}"
EndProject
Project("{FAE04EC0-301F-11D3-BF4B-00C04F79EFBC}") = "GeoLib.Data", "GeoLib.Data\GeoLib.Data.csproj", "{1196C19A-D568-44E6-B231-4F4723EFC329}"
EndProject
Project("{FAE04EC0-301F-11D3-BF4B-00C04F79EFBC}") = "GeoLib.Contracts", "GeoLib.Contracts\GeoLib.Contracts.csproj", "{2C174299-257E-4644-B66E-EDFC6866B41D}"
EndProject
Project("{FAE04EC0-301F-11D3-BF4B-00C04F79EFBC}") = "GeoLib.Services", "GeoLib.Services\GeoLib.Services.csproj", "{5F8733C0-D567-4F4C-9939-6C6737803C59}"
EndProject
Project("{FAE04EC0-301F-11D3-BF4B-00C04F79EFBC}") = "GeoLib.Tests", "GeoLib.Tests\GeoLib.Tests.csproj", "{62FE2B9D-80A0-43E9-863E-B73589B8CC0F}"
EndProject
Global
	GlobalSection(SolutionConfigurationPlatforms) = preSolution
		Debug|Any CPU = Debug|Any CPU
		Release|Any CPU = Release|Any CPU
	EndGlobalSection
	GlobalSection(ProjectConfigurationPlatforms) = postSolution
		{A6E2CA6F-BD92-41A2-A6E6-EBA9749E4299}.Debug|Any CPU.ActiveCfg = Debug|Any CPU
		{A6E2CA6F-BD92-41A2-A6E6-EBA9749E4299}.Debug|Any CPU.Build.0 = Debug|Any CPU
		{A6E2CA6F-BD92-41A2-A6E6-EBA9749E4299}.Release|Any CPU.ActiveCfg = Release|Any CPU
		{A6E2CA6F-BD92-41A2-A6E6-EBA9749E4299}.Release|Any CPU.Build.0 = Release|Any CPU
		{1196C19A-D568-44E6-B231-4F4723EFC329}.Debug|Any CPU.ActiveCfg = Debug|Any CPU
		{1196C19A-D568-44E6-B231-4F4723EFC329}.Debug|Any CPU.Build.0 = Debug|Any CPU
		{1196C19A-D568-44E6-B231-4F4723EFC329}.Release|Any CPU.ActiveCfg = Release|Any CPU
		{1196C19A-D568-44E6-B231-4F4723EFC329}.Release|Any CPU.Build.0 = Release|Any CPU
		{2C174299-257E-4644-B66E-EDFC6866B41D}.Debug|Any CPU.ActiveCfg = Debug|Any CPU
		{2C174299-257E-4644-B66E-EDFC6866B41D}.Debug|Any CPU.Build.0 = Debug|Any CPU
		{2C174299-257E-4644-B66E-EDFC6866B41D}.Release|Any CPU.ActiveCfg = Release|Any CPU
		{2C174299-257E-4644-B66E-EDFC6866B41D}.Release|Any CPU.Build.0 = Release|Any CPU
		{5F8733C0-D567-4F4C-9939-6C6737803C59}.Debug|Any CPU.ActiveCfg = Debug|Any CPU
		{5F8733C0-D567-4F4C-9939-6C6737803C59}.Debug|Any CPU.Build.0 = Debug|Any CPU
		{5F8733C0-D567-4F4C-9939-6C6737803C59}.Release|Any CPU.ActiveCfg = Release|Any CPU
		{5F8733C0-D567-4F4C-9939-6C6737803C59}.Release|Any CPU.Build.0 = Release|Any CPU
		{62FE2B9D-80A0-43E9-863E-B73589B8CC0F}.Debug|Any CPU.ActiveCfg = Debug|Any CPU
		{62FE2B9D-80A0-43E9-863E-B73589B8CC0F}.Debug|Any CPU.Build.0 = Debug|Any CPU
		{62FE2B9D-80A0-43E9-863E-B73589B8CC0F}.Release|Any CPU.ActiveCfg = Release|Any CPU
		{62FE2B9D-80A0-43E9-863E-B73589B8CC0F}.Release|Any CPU.Build.0 = Release|Any CPU
	EndGlobalSection
	GlobalSection(SolutionProperties) = preSolution
		HideSolutionNode = FALSE
	EndGlobalSection
	GlobalSection(ExtensibilityGlobals) = postSolution
		SolutionGuid = {9009C066-0459-4BD2-BCA9-65544CDEB406}
	EndGlobalSection
EndGlobal
